
Microsoft Visual Studio Solution File, Format Version 12.00
# Visual Studio 15
VisualStudioVersion = 15.0.28307.1433
MinimumVisualStudioVersion = 10.0.40219.1
Project("{8BC9CEB8-8B4A-11D0-8D11-00A0C91BC942}") = "lw_2", "lw_2\lw_2.vcxproj", "{EFDD33FC-38A6-4908-BACE-51A41EFB4DCA}"
	ProjectSection(ProjectDependencies) = postProject
		{FC44C033-638D-4983-B0F6-8F5A57959CD7} = {FC44C033-638D-4983-B0F6-8F5A57959CD7}
	EndProjectSection
EndProject
Project("{8BC9CEB8-8B4A-11D0-8D11-00A0C91BC942}") = "lw_1", "..\..\lw_1\lw_1\lw_1.vcxproj", "{8FE97B74-66CA-41BA-B4A2-6BFB8809EDA1}"
EndProject
Project("{8BC9CEB8-8B4A-11D0-8D11-00A0C91BC942}") = "lw_2_curve", "lw_2_curve\lw_2_curve.vcxproj", "{FC44C033-638D-4983-B0F6-8F5A57959CD7}"
EndProject
Global
	GlobalSection(SolutionConfigurationPlatforms) = preSolution
		Debug|x64 = Debug|x64
		Debug|x86 = Debug|x86
		Release|x64 = Release|x64
		Release|x86 = Release|x86
	EndGlobalSection
	GlobalSection(ProjectConfigurationPlatforms) = postSolution
		{EFDD33FC-38A6-4908-BACE-51A41EFB4DCA}.Debug|x64.ActiveCfg = Debug|x64
		{EFDD33FC-38A6-4908-BACE-51A41EFB4DCA}.Debug|x64.Build.0 = Debug|x64
		{EFDD33FC-38A6-4908-BACE-51A41EFB4DCA}.Debug|x86.ActiveCfg = Debug|Win32
		{EFDD33FC-38A6-4908-BACE-51A41EFB4DCA}.Debug|x86.Build.0 = Debug|Win32
		{EFDD33FC-38A6-4908-BACE-51A41EFB4DCA}.Release|x64.ActiveCfg = Release|x64
		{EFDD33FC-38A6-4908-BACE-51A41EFB4DCA}.Release|x64.Build.0 = Release|x64
		{EFDD33FC-38A6-4908-BACE-51A41EFB4DCA}.Release|x86.ActiveCfg = Release|Win32
		{EFDD33FC-38A6-4908-BACE-51A41EFB4DCA}.Release|x86.Build.0 = Release|Win32
		{8FE97B74-66CA-41BA-B4A2-6BFB8809EDA1}.Debug|x64.ActiveCfg = Debug|x64
		{8FE97B74-66CA-41BA-B4A2-6BFB8809EDA1}.Debug|x64.Build.0 = Debug|x64
		{8FE97B74-66CA-41BA-B4A2-6BFB8809EDA1}.Debug|x86.ActiveCfg = Debug|Win32
		{8FE97B74-66CA-41BA-B4A2-6BFB8809EDA1}.Debug|x86.Build.0 = Debug|Win32
		{8FE97B74-66CA-41BA-B4A2-6BFB8809EDA1}.Release|x64.ActiveCfg = Release|x64
		{8FE97B74-66CA-41BA-B4A2-6BFB8809EDA1}.Release|x64.Build.0 = Release|x64
		{8FE97B74-66CA-41BA-B4A2-6BFB8809EDA1}.Release|x86.ActiveCfg = Release|Win32
		{8FE97B74-66CA-41BA-B4A2-6BFB8809EDA1}.Release|x86.Build.0 = Release|Win32
		{FC44C033-638D-4983-B0F6-8F5A57959CD7}.Debug|x64.ActiveCfg = Debug|x64
		{FC44C033-638D-4983-B0F6-8F5A57959CD7}.Debug|x64.Build.0 = Debug|x64
		{FC44C033-638D-4983-B0F6-8F5A57959CD7}.Debug|x86.ActiveCfg = Debug|Win32
		{FC44C033-638D-4983-B0F6-8F5A57959CD7}.Debug|x86.Build.0 = Debug|Win32
		{FC44C033-638D-4983-B0F6-8F5A57959CD7}.Release|x64.ActiveCfg = Release|x64
		{FC44C033-638D-4983-B0F6-8F5A57959CD7}.Release|x64.Build.0 = Release|x64
		{FC44C033-638D-4983-B0F6-8F5A57959CD7}.Release|x86.ActiveCfg = Release|Win32
		{FC44C033-638D-4983-B0F6-8F5A57959CD7}.Release|x86.Build.0 = Release|Win32
	EndGlobalSection
	GlobalSection(SolutionProperties) = preSolution
		HideSolutionNode = FALSE
	EndGlobalSection
	GlobalSection(ExtensibilityGlobals) = postSolution
		SolutionGuid = {A4B850FF-82E2-43FD-9999-4E536909CB86}
	EndGlobalSection
EndGlobal
